// !$*UTF8*$!
{
	archiveVersion = 1;
	classes = {
	};
	objectVersion = 46;
	objects = {

/* Begin PBXBuildFile section */
		5D81374313907EC8007DAE00 /* UIKit.framework in Frameworks */ = {isa = PBXBuildFile; fileRef = 5D81374213907EC8007DAE00 /* UIKit.framework */; };
		5D81374513907EC8007DAE00 /* Foundation.framework in Frameworks */ = {isa = PBXBuildFile; fileRef = 5D81374413907EC8007DAE00 /* Foundation.framework */; };
		5D81374713907EC8007DAE00 /* CoreGraphics.framework in Frameworks */ = {isa = PBXBuildFile; fileRef = 5D81374613907EC8007DAE00 /* CoreGraphics.framework */; };
		5D81374D13907EC8007DAE00 /* InfoPlist.strings in Resources */ = {isa = PBXBuildFile; fileRef = 5D81374B13907EC8007DAE00 /* InfoPlist.strings */; };
		5D81375013907EC8007DAE00 /* main.m in Sources */ = {isa = PBXBuildFile; fileRef = 5D81374F13907EC8007DAE00 /* main.m */; };
		5D81375313907EC8007DAE00 /* BTSMagicFingersAppDelegate.m in Sources */ = {isa = PBXBuildFile; fileRef = 5D81375213907EC8007DAE00 /* BTSMagicFingersAppDelegate.m */; };
		5D81375613907EC8007DAE00 /* BTSMainWindow.xib in Resources */ = {isa = PBXBuildFile; fileRef = 5D81375413907EC8007DAE00 /* BTSMainWindow.xib */; };
		5D81375913907EC8007DAE00 /* BTSMagicFingersViewController.m in Sources */ = {isa = PBXBuildFile; fileRef = 5D81375813907EC8007DAE00 /* BTSMagicFingersViewController.m */; };
		5D81375C13907EC8007DAE00 /* BTSMagicFingersViewController.xib in Resources */ = {isa = PBXBuildFile; fileRef = 5D81375A13907EC8007DAE00 /* BTSMagicFingersViewController.xib */; };
		5D81376E1390803B007DAE00 /* BTSMagicFingerView.m in Sources */ = {isa = PBXBuildFile; fileRef = 5D81376D1390803B007DAE00 /* BTSMagicFingerView.m */; };
		5D81377013908197007DAE00 /* QuartzCore.framework in Frameworks */ = {isa = PBXBuildFile; fileRef = 5D81376F13908197007DAE00 /* QuartzCore.framework */; };
		5D81377213908564007DAE00 /* star.png in Resources */ = {isa = PBXBuildFile; fileRef = 5D81377113908564007DAE00 /* star.png */; };
		5D81377513908D4B007DAE00 /* BTSOptionsTableViewController.m in Sources */ = {isa = PBXBuildFile; fileRef = 5D81377413908D4B007DAE00 /* BTSOptionsTableViewController.m */; };
		5D81378013908F75007DAE00 /* BTSMagicOptions.m in Sources */ = {isa = PBXBuildFile; fileRef = 5D81377F13908F74007DAE00 /* BTSMagicOptions.m */; };
		5DDDC50C139450490025E300 /* README.md in Resources */ = {isa = PBXBuildFile; fileRef = 5DDDC50B139450490025E300 /* README.md */; };
/* End PBXBuildFile section */

/* Begin PBXFileReference section */
		5D81373E13907EC8007DAE00 /* MagicFingers.app */ = {isa = PBXFileReference; explicitFileType = wrapper.application; includeInIndex = 0; path = MagicFingers.app; sourceTree = BUILT_PRODUCTS_DIR; };
		5D81374213907EC8007DAE00 /* UIKit.framework */ = {isa = PBXFileReference; lastKnownFileType = wrapper.framework; name = UIKit.framework; path = System/Library/Frameworks/UIKit.framework; sourceTree = SDKROOT; };
		5D81374413907EC8007DAE00 /* Foundation.framework */ = {isa = PBXFileReference; lastKnownFileType = wrapper.framework; name = Foundation.framework; path = System/Library/Frameworks/Foundation.framework; sourceTree = SDKROOT; };
		5D81374613907EC8007DAE00 /* CoreGraphics.framework */ = {isa = PBXFileReference; lastKnownFileType = wrapper.framework; name = CoreGraphics.framework; path = System/Library/Frameworks/CoreGraphics.framework; sourceTree = SDKROOT; };
		5D81374A13907EC8007DAE00 /* MagicFingers-Info.plist */ = {isa = PBXFileReference; lastKnownFileType = text.plist.xml; path = "MagicFingers-Info.plist"; sourceTree = "<group>"; };
		5D81374C13907EC8007DAE00 /* en */ = {isa = PBXFileReference; lastKnownFileType = text.plist.strings; name = en; path = en.lproj/InfoPlist.strings; sourceTree = "<group>"; };
		5D81374E13907EC8007DAE00 /* MagicFingers-Prefix.pch */ = {isa = PBXFileReference; lastKnownFileType = sourcecode.c.h; path = "MagicFingers-Prefix.pch"; sourceTree = "<group>"; };
		5D81374F13907EC8007DAE00 /* main.m */ = {isa = PBXFileReference; lastKnownFileType = sourcecode.c.objc; path = main.m; sourceTree = "<group>"; };
		5D81375113907EC8007DAE00 /* BTSMagicFingersAppDelegate.h */ = {isa = PBXFileReference; lastKnownFileType = sourcecode.c.h; path = BTSMagicFingersAppDelegate.h; sourceTree = "<group>"; };
		5D81375213907EC8007DAE00 /* BTSMagicFingersAppDelegate.m */ = {isa = PBXFileReference; lastKnownFileType = sourcecode.c.objc; path = BTSMagicFingersAppDelegate.m; sourceTree = "<group>"; };
		5D81375513907EC8007DAE00 /* en */ = {isa = PBXFileReference; lastKnownFileType = file.xib; name = en; path = en.lproj/BTSMainWindow.xib; sourceTree = "<group>"; };
		5D81375713907EC8007DAE00 /* BTSMagicFingersViewController.h */ = {isa = PBXFileReference; lastKnownFileType = sourcecode.c.h; path = BTSMagicFingersViewController.h; sourceTree = "<group>"; };
		5D81375813907EC8007DAE00 /* BTSMagicFingersViewController.m */ = {isa = PBXFileReference; lastKnownFileType = sourcecode.c.objc; path = BTSMagicFingersViewController.m; sourceTree = "<group>"; };
		5D81375B13907EC8007DAE00 /* en */ = {isa = PBXFileReference; lastKnownFileType = file.xib; name = en; path = en.lproj/BTSMagicFingersViewController.xib; sourceTree = "<group>"; };
		5D81376A1390801D007DAE00 /* BTSMagicFingerView.h */ = {isa = PBXFileReference; fileEncoding = 4; lastKnownFileType = sourcecode.c.h; path = BTSMagicFingerView.h; sourceTree = "<group>"; };
		5D81376D1390803B007DAE00 /* BTSMagicFingerView.m */ = {isa = PBXFileReference; fileEncoding = 4; lastKnownFileType = sourcecode.c.objc; path = BTSMagicFingerView.m; sourceTree = "<group>"; };
		5D81376F13908197007DAE00 /* QuartzCore.framework */ = {isa = PBXFileReference; lastKnownFileType = wrapper.framework; name = QuartzCore.framework; path = System/Library/Frameworks/QuartzCore.framework; sourceTree = SDKROOT; };
		5D81377113908564007DAE00 /* star.png */ = {isa = PBXFileReference; lastKnownFileType = image.png; path = star.png; sourceTree = "<group>"; };
		5D81377313908D4B007DAE00 /* BTSOptionsTableViewController.h */ = {isa = PBXFileReference; fileEncoding = 4; lastKnownFileType = sourcecode.c.h; path = BTSOptionsTableViewController.h; sourceTree = "<group>"; };
		5D81377413908D4B007DAE00 /* BTSOptionsTableViewController.m */ = {isa = PBXFileReference; fileEncoding = 4; lastKnownFileType = sourcecode.c.objc; path = BTSOptionsTableViewController.m; sourceTree = "<group>"; };
		5D81377E13908F74007DAE00 /* BTSMagicOptions.h */ = {isa = PBXFileReference; fileEncoding = 4; lastKnownFileType = sourcecode.c.h; path = BTSMagicOptions.h; sourceTree = "<group>"; };
		5D81377F13908F74007DAE00 /* BTSMagicOptions.m */ = {isa = PBXFileReference; fileEncoding = 4; lastKnownFileType = sourcecode.c.objc; path = BTSMagicOptions.m; sourceTree = "<group>"; };
		5DDDC50B139450490025E300 /* README.md */ = {isa = PBXFileReference; fileEncoding = 4; lastKnownFileType = text; path = README.md; sourceTree = "<group>"; };
/* End PBXFileReference section */

/* Begin PBXFrameworksBuildPhase section */
		5D81373B13907EC8007DAE00 /* Frameworks */ = {
			isa = PBXFrameworksBuildPhase;
			buildActionMask = 2147483647;
			files = (
				5D81377013908197007DAE00 /* QuartzCore.framework in Frameworks */,
				5D81374313907EC8007DAE00 /* UIKit.framework in Frameworks */,
				5D81374513907EC8007DAE00 /* Foundation.framework in Frameworks */,
				5D81374713907EC8007DAE00 /* CoreGraphics.framework in Frameworks */,
			);
			runOnlyForDeploymentPostprocessing = 0;
		};
/* End PBXFrameworksBuildPhase section */

/* Begin PBXGroup section */
		5D81373313907EC8007DAE00 = {
			isa = PBXGroup;
			children = (
				5DDDC50B139450490025E300 /* README.md */,
				5D81374813907EC8007DAE00 /* MagicFingers */,
				5D81374113907EC8007DAE00 /* Frameworks */,
				5D81373F13907EC8007DAE00 /* Products */,
			);
			sourceTree = "<group>";
		};
		5D81373F13907EC8007DAE00 /* Products */ = {
			isa = PBXGroup;
			children = (
				5D81373E13907EC8007DAE00 /* MagicFingers.app */,
			);
			name = Products;
			sourceTree = "<group>";
		};
		5D81374113907EC8007DAE00 /* Frameworks */ = {
			isa = PBXGroup;
			children = (
				5D81374213907EC8007DAE00 /* UIKit.framework */,
				5D81374413907EC8007DAE00 /* Foundation.framework */,
				5D81374613907EC8007DAE00 /* CoreGraphics.framework */,
				5D81376F13908197007DAE00 /* QuartzCore.framework */,
			);
			name = Frameworks;
			sourceTree = "<group>";
		};
		5D81374813907EC8007DAE00 /* MagicFingers */ = {
			isa = PBXGroup;
			children = (
				5D81375113907EC8007DAE00 /* BTSMagicFingersAppDelegate.h */,
				5D81375213907EC8007DAE00 /* BTSMagicFingersAppDelegate.m */,
				5D81375713907EC8007DAE00 /* BTSMagicFingersViewController.h */,
				5D81375813907EC8007DAE00 /* BTSMagicFingersViewController.m */,
				5D81376A1390801D007DAE00 /* BTSMagicFingerView.h */,
				5D81376D1390803B007DAE00 /* BTSMagicFingerView.m */,
				5D81377313908D4B007DAE00 /* BTSOptionsTableViewController.h */,
				5D81377413908D4B007DAE00 /* BTSOptionsTableViewController.m */,
				5D81377E13908F74007DAE00 /* BTSMagicOptions.h */,
				5D81377F13908F74007DAE00 /* BTSMagicOptions.m */,
				5D81375413907EC8007DAE00 /* BTSMainWindow.xib */,
				5D81375A13907EC8007DAE00 /* BTSMagicFingersViewController.xib */,
				5D81374913907EC8007DAE00 /* Supporting Files */,
			);
			path = MagicFingers;
			sourceTree = "<group>";
		};
		5D81374913907EC8007DAE00 /* Supporting Files */ = {
			isa = PBXGroup;
			children = (
				5D81374A13907EC8007DAE00 /* MagicFingers-Info.plist */,
				5D81374B13907EC8007DAE00 /* InfoPlist.strings */,
				5D81374E13907EC8007DAE00 /* MagicFingers-Prefix.pch */,
				5D81374F13907EC8007DAE00 /* main.m */,
				5D81377113908564007DAE00 /* star.png */,
			);
			name = "Supporting Files";
			sourceTree = "<group>";
		};
/* End PBXGroup section */

/* Begin PBXNativeTarget section */
		5D81373D13907EC8007DAE00 /* MagicFingers */ = {
			isa = PBXNativeTarget;
			buildConfigurationList = 5D81375F13907EC8007DAE00 /* Build configuration list for PBXNativeTarget "MagicFingers" */;
			buildPhases = (
				5D81373A13907EC8007DAE00 /* Sources */,
				5D81373B13907EC8007DAE00 /* Frameworks */,
				5D81373C13907EC8007DAE00 /* Resources */,
			);
			buildRules = (
			);
			dependencies = (
			);
			name = MagicFingers;
			productName = MagicFingers;
			productReference = 5D81373E13907EC8007DAE00 /* MagicFingers.app */;
			productType = "com.apple.product-type.application";
		};
/* End PBXNativeTarget section */

/* Begin PBXProject section */
		5D81373513907EC8007DAE00 /* Project object */ = {
			isa = PBXProject;
			attributes = {
				LastUpgradeCheck = 0420;
				ORGANIZATIONNAME = "Black Software, Inc.";
			};
			buildConfigurationList = 5D81373813907EC8007DAE00 /* Build configuration list for PBXProject "MagicFingers" */;
			compatibilityVersion = "Xcode 3.2";
			developmentRegion = English;
			hasScannedForEncodings = 0;
			knownRegions = (
				en,
			);
			mainGroup = 5D81373313907EC8007DAE00;
			productRefGroup = 5D81373F13907EC8007DAE00 /* Products */;
			projectDirPath = "";
			projectRoot = "";
			targets = (
				5D81373D13907EC8007DAE00 /* MagicFingers */,
			);
		};
/* End PBXProject section */

/* Begin PBXResourcesBuildPhase section */
		5D81373C13907EC8007DAE00 /* Resources */ = {
			isa = PBXResourcesBuildPhase;
			buildActionMask = 2147483647;
			files = (
				5D81374D13907EC8007DAE00 /* InfoPlist.strings in Resources */,
				5D81375613907EC8007DAE00 /* BTSMainWindow.xib in Resources */,
				5D81375C13907EC8007DAE00 /* BTSMagicFingersViewController.xib in Resources */,
				5D81377213908564007DAE00 /* star.png in Resources */,
				5DDDC50C139450490025E300 /* README.md in Resources */,
			);
			runOnlyForDeploymentPostprocessing = 0;
		};
/* End PBXResourcesBuildPhase section */

/* Begin PBXSourcesBuildPhase section */
		5D81373A13907EC8007DAE00 /* Sources */ = {
			isa = PBXSourcesBuildPhase;
			buildActionMask = 2147483647;
			files = (
				5D81375013907EC8007DAE00 /* main.m in Sources */,
				5D81375313907EC8007DAE00 /* BTSMagicFingersAppDelegate.m in Sources */,
				5D81375913907EC8007DAE00 /* BTSMagicFingersViewController.m in Sources */,
				5D81376E1390803B007DAE00 /* BTSMagicFingerView.m in Sources */,
				5D81377513908D4B007DAE00 /* BTSOptionsTableViewController.m in Sources */,
				5D81378013908F75007DAE00 /* BTSMagicOptions.m in Sources */,
			);
			runOnlyForDeploymentPostprocessing = 0;
		};
/* End PBXSourcesBuildPhase section */

/* Begin PBXVariantGroup section */
		5D81374B13907EC8007DAE00 /* InfoPlist.strings */ = {
			isa = PBXVariantGroup;
			children = (
				5D81374C13907EC8007DAE00 /* en */,
			);
			name = InfoPlist.strings;
			sourceTree = "<group>";
		};
		5D81375413907EC8007DAE00 /* BTSMainWindow.xib */ = {
			isa = PBXVariantGroup;
			children = (
				5D81375513907EC8007DAE00 /* en */,
			);
			name = BTSMainWindow.xib;
			sourceTree = "<group>";
		};
		5D81375A13907EC8007DAE00 /* BTSMagicFingersViewController.xib */ = {
			isa = PBXVariantGroup;
			children = (
				5D81375B13907EC8007DAE00 /* en */,
			);
			name = BTSMagicFingersViewController.xib;
			sourceTree = "<group>";
		};
/* End PBXVariantGroup section */

/* Begin XCBuildConfiguration section */
		5D81375D13907EC8007DAE00 /* Debug */ = {
			isa = XCBuildConfiguration;
			buildSettings = {
				ARCHS = "$(ARCHS_UNIVERSAL_IPHONE_OS)";
				"CODE_SIGN_IDENTITY[sdk=iphoneos*]" = "iPhone Developer";
				GCC_C_LANGUAGE_STANDARD = gnu99;
				GCC_OPTIMIZATION_LEVEL = 0;
				GCC_PREPROCESSOR_DEFINITIONS = DEBUG;
				GCC_SYMBOLS_PRIVATE_EXTERN = NO;
				GCC_TREAT_WARNINGS_AS_ERRORS = YES;
				GCC_VERSION = com.apple.compilers.llvm.clang.1_0;
				GCC_WARN_ABOUT_RETURN_TYPE = YES;
				GCC_WARN_UNUSED_VARIABLE = YES;
				IPHONEOS_DEPLOYMENT_TARGET = 5.0;
				SDKROOT = iphoneos;
				TARGETED_DEVICE_FAMILY = 2;
			};
			name = Debug;
		};
		5D81375E13907EC8007DAE00 /* Release */ = {
			isa = XCBuildConfiguration;
			buildSettings = {
				ARCHS = "$(ARCHS_UNIVERSAL_IPHONE_OS)";
				"CODE_SIGN_IDENTITY[sdk=iphoneos*]" = "iPhone Developer";
				GCC_C_LANGUAGE_STANDARD = gnu99;
				GCC_TREAT_WARNINGS_AS_ERRORS = YES;
				GCC_VERSION = com.apple.compilers.llvm.clang.1_0;
				GCC_WARN_ABOUT_RETURN_TYPE = YES;
				GCC_WARN_UNUSED_VARIABLE = YES;
				IPHONEOS_DEPLOYMENT_TARGET = 5.0;
				OTHER_CFLAGS = "-DNS_BLOCK_ASSERTIONS=1";
				SDKROOT = iphoneos;
				TARGETED_DEVICE_FAMILY = 2;
			};
			name = Release;
		};
		5D81376013907EC8007DAE00 /* Debug */ = {
			isa = XCBuildConfiguration;
			buildSettings = {
				ALWAYS_SEARCH_USER_PATHS = NO;
				CLANG_ENABLE_OBJC_ARC = YES;
				COPY_PHASE_STRIP = NO;
				GCC_DYNAMIC_NO_PIC = NO;
				GCC_PRECOMPILE_PREFIX_HEADER = YES;
				GCC_PREFIX_HEADER = "MagicFingers/MagicFingers-Prefix.pch";
				GCC_VERSION = com.apple.compilers.llvm.clang.1_0;
				INFOPLIST_FILE = "MagicFingers/MagicFingers-Info.plist";
				IPHONEOS_DEPLOYMENT_TARGET = 5.0;
				PRODUCT_NAME = "$(TARGET_NAME)";
				WRAPPER_EXTENSION = app;
			};
			name = Debug;
		};
		5D81376113907EC8007DAE00 /* Release */ = {
			isa = XCBuildConfiguration;
			buildSettings = {
				ALWAYS_SEARCH_USER_PATHS = NO;
				CLANG_ENABLE_OBJC_ARC = YES;
				COPY_PHASE_STRIP = YES;
				GCC_PRECOMPILE_PREFIX_HEADER = YES;
				GCC_PREFIX_HEADER = "MagicFingers/MagicFingers-Prefix.pch";
				GCC_VERSION = com.apple.compilers.llvm.clang.1_0;
				INFOPLIST_FILE = "MagicFingers/MagicFingers-Info.plist";
				IPHONEOS_DEPLOYMENT_TARGET = 5.0;
				PRODUCT_NAME = "$(TARGET_NAME)";
				VALIDATE_PRODUCT = YES;
				WRAPPER_EXTENSION = app;
			};
			name = Release;
		};
/* End XCBuildConfiguration section */

/* Begin XCConfigurationList section */
		5D81373813907EC8007DAE00 /* Build configuration list for PBXProject "MagicFingers" */ = {
			isa = XCConfigurationList;
			buildConfigurations = (
				5D81375D13907EC8007DAE00 /* Debug */,
				5D81375E13907EC8007DAE00 /* Release */,
			);
			defaultConfigurationIsVisible = 0;
			defaultConfigurationName = Release;
		};
		5D81375F13907EC8007DAE00 /* Build configuration list for PBXNativeTarget "MagicFingers" */ = {
			isa = XCConfigurationList;
			buildConfigurations = (
				5D81376013907EC8007DAE00 /* Debug */,
				5D81376113907EC8007DAE00 /* Release */,
			);
			defaultConfigurationIsVisible = 0;
			defaultConfigurationName = Release;
		};
/* End XCConfigurationList section */
	};
	rootObject = 5D81373513907EC8007DAE00 /* Project object */;
}
